PODS:
  - Masonry (1.1.0)
  - MJExtension (3.2.1)

DEPENDENCIES:
  - Masonry (~> 1.1.0)
  - MJExtension

SPEC REPOS:
  trunk:
    - Masonry
    - MJExtension

SPEC CHECKSUMS:
  Masonry: 678fab65091a9290e40e2832a55e7ab731aad201
  MJExtension: 635f2c663dcb1bf76fa4b715b2570a5710aec545

PODFILE CHECKSUM: 8da18b9ccafc2ddcab3c682d603ad162623f3d38

COCOAPODS: 1.8.4
