// !$*UTF8*$!
{
	archiveVersion = 1;
	classes = {
	};
	objectVersion = 50;
	objects = {

/* Begin PBXBuildFile section */
		3452738F23DEC5EF002F5CB1 /* AppDelegate.m in Sources */ = {isa = PBXBuildFile; fileRef = 3452738E23DEC5EF002F5CB1 /* AppDelegate.m */; };
		3452739223DEC5EF002F5CB1 /* SceneDelegate.m in Sources */ = {isa = PBXBuildFile; fileRef = 3452739123DEC5EF002F5CB1 /* SceneDelegate.m */; };
		3452739523DEC5EF002F5CB1 /* ViewController.m in Sources */ = {isa = PBXBuildFile; fileRef = 3452739423DEC5EF002F5CB1 /* ViewController.m */; };
		3452739823DEC5EF002F5CB1 /* Main.storyboard in Resources */ = {isa = PBXBuildFile; fileRef = 3452739623DEC5EF002F5CB1 /* Main.storyboard */; };
		3452739A23DEC5F2002F5CB1 /* Assets.xcassets in Resources */ = {isa = PBXBuildFile; fileRef = 3452739923DEC5F2002F5CB1 /* Assets.xcassets */; };
		3452739D23DEC5F2002F5CB1 /* LaunchScreen.storyboard in Resources */ = {isa = PBXBuildFile; fileRef = 3452739B23DEC5F2002F5CB1 /* LaunchScreen.storyboard */; };
		345273A023DEC5F2002F5CB1 /* main.m in Sources */ = {isa = PBXBuildFile; fileRef = 3452739F23DEC5F2002F5CB1 /* main.m */; };
/* End PBXBuildFile section */

/* Begin PBXFileReference section */
		3452738A23DEC5EF002F5CB1 /* JFTTextDraw.app */ = {isa = PBXFileReference; explicitFileType = wrapper.application; includeInIndex = 0; path = JFTTextDraw.app; sourceTree = BUILT_PRODUCTS_DIR; };
		3452738D23DEC5EF002F5CB1 /* AppDelegate.h */ = {isa = PBXFileReference; lastKnownFileType = sourcecode.c.h; path = AppDelegate.h; sourceTree = "<group>"; };
		3452738E23DEC5EF002F5CB1 /* AppDelegate.m */ = {isa = PBXFileReference; lastKnownFileType = sourcecode.c.objc; path = AppDelegate.m; sourceTree = "<group>"; };
		3452739023DEC5EF002F5CB1 /* SceneDelegate.h */ = {isa = PBXFileReference; lastKnownFileType = sourcecode.c.h; path = SceneDelegate.h; sourceTree = "<group>"; };
		3452739123DEC5EF002F5CB1 /* SceneDelegate.m */ = {isa = PBXFileReference; lastKnownFileType = sourcecode.c.objc; path = SceneDelegate.m; sourceTree = "<group>"; };
		3452739323DEC5EF002F5CB1 /* ViewController.h */ = {isa = PBXFileReference; lastKnownFileType = sourcecode.c.h; path = ViewController.h; sourceTree = "<group>"; };
		3452739423DEC5EF002F5CB1 /* ViewController.m */ = {isa = PBXFileReference; lastKnownFileType = sourcecode.c.objc; path = ViewController.m; sourceTree = "<group>"; };
		3452739723DEC5EF002F5CB1 /* Base */ = {isa = PBXFileReference; lastKnownFileType = file.storyboard; name = Base; path = Base.lproj/Main.storyboard; sourceTree = "<group>"; };
		3452739923DEC5F2002F5CB1 /* Assets.xcassets */ = {isa = PBXFileReference; lastKnownFileType = folder.assetcatalog; path = Assets.xcassets; sourceTree = "<group>"; };
		3452739C23DEC5F2002F5CB1 /* Base */ = {isa = PBXFileReference; lastKnownFileType = file.storyboard; name = Base; path = Base.lproj/LaunchScreen.storyboard; sourceTree = "<group>"; };
		3452739E23DEC5F2002F5CB1 /* Info.plist */ = {isa = PBXFileReference; lastKnownFileType = text.plist.xml; path = Info.plist; sourceTree = "<group>"; };
		3452739F23DEC5F2002F5CB1 /* main.m */ = {isa = PBXFileReference; lastKnownFileType = sourcecode.c.objc; path = main.m; sourceTree = "<group>"; };
/* End PBXFileReference section */

/* Begin PBXFrameworksBuildPhase section */
		3452738723DEC5EF002F5CB1 /* Frameworks */ = {
			isa = PBXFrameworksBuildPhase;
			buildActionMask = 2147483647;
			files = (
			);
			runOnlyForDeploymentPostprocessing = 0;
		};
/* End PBXFrameworksBuildPhase section */

/* Begin PBXGroup section */
		3452738123DEC5EF002F5CB1 = {
			isa = PBXGroup;
			children = (
				3452738C23DEC5EF002F5CB1 /* JFTTextDraw */,
				3452738B23DEC5EF002F5CB1 /* Products */,
			);
			sourceTree = "<group>";
		};
		3452738B23DEC5EF002F5CB1 /* Products */ = {
			isa = PBXGroup;
			children = (
				3452738A23DEC5EF002F5CB1 /* JFTTextDraw.app */,
			);
			name = Products;
			sourceTree = "<group>";
		};
		3452738C23DEC5EF002F5CB1 /* JFTTextDraw */ = {
			isa = PBXGroup;
			children = (
				3452738D23DEC5EF002F5CB1 /* AppDelegate.h */,
				3452738E23DEC5EF002F5CB1 /* AppDelegate.m */,
				3452739023DEC5EF002F5CB1 /* SceneDelegate.h */,
				3452739123DEC5EF002F5CB1 /* SceneDelegate.m */,
				3452739323DEC5EF002F5CB1 /* ViewController.h */,
				3452739423DEC5EF002F5CB1 /* ViewController.m */,
				3452739623DEC5EF002F5CB1 /* Main.storyboard */,
				3452739923DEC5F2002F5CB1 /* Assets.xcassets */,
				3452739B23DEC5F2002F5CB1 /* LaunchScreen.storyboard */,
				3452739E23DEC5F2002F5CB1 /* Info.plist */,
				3452739F23DEC5F2002F5CB1 /* main.m */,
			);
			path = JFTTextDraw;
			sourceTree = "<group>";
		};
/* End PBXGroup section */

/* Begin PBXNativeTarget section */
		3452738923DEC5EF002F5CB1 /* JFTTextDraw */ = {
			isa = PBXNativeTarget;
			buildConfigurationList = 345273A323DEC5F2002F5CB1 /* Build configuration list for PBXNativeTarget "JFTTextDraw" */;
			buildPhases = (
				3452738623DEC5EF002F5CB1 /* Sources */,
				3452738723DEC5EF002F5CB1 /* Frameworks */,
				3452738823DEC5EF002F5CB1 /* Resources */,
			);
			buildRules = (
			);
			dependencies = (
			);
			name = JFTTextDraw;
			productName = JFTTextDraw;
			productReference = 3452738A23DEC5EF002F5CB1 /* JFTTextDraw.app */;
			productType = "com.apple.product-type.application";
		};
/* End PBXNativeTarget section */

/* Begin PBXProject section */
		3452738223DEC5EF002F5CB1 /* Project object */ = {
			isa = PBXProject;
			attributes = {
				LastUpgradeCheck = 1130;
				ORGANIZATIONNAME = "於林涛";
				TargetAttributes = {
					3452738923DEC5EF002F5CB1 = {
						CreatedOnToolsVersion = 11.3.1;
					};
				};
			};
			buildConfigurationList = 3452738523DEC5EF002F5CB1 /* Build configuration list for PBXProject "JFTTextDraw" */;
			compatibilityVersion = "Xcode 9.3";
			developmentRegion = en;
			hasScannedForEncodings = 0;
			knownRegions = (
				en,
				Base,
			);
			mainGroup = 3452738123DEC5EF002F5CB1;
			productRefGroup = 3452738B23DEC5EF002F5CB1 /* Products */;
			projectDirPath = "";
			projectRoot = "";
			targets = (
				3452738923DEC5EF002F5CB1 /* JFTTextDraw */,
			);
		};
/* End PBXProject section */

/* Begin PBXResourcesBuildPhase section */
		3452738823DEC5EF002F5CB1 /* Resources */ = {
			isa = PBXResourcesBuildPhase;
			buildActionMask = 2147483647;
			files = (
				3452739D23DEC5F2002F5CB1 /* LaunchScreen.storyboard in Resources */,
				3452739A23DEC5F2002F5CB1 /* Assets.xcassets in Resources */,
				3452739823DEC5EF002F5CB1 /* Main.storyboard in Resources */,
			);
			runOnlyForDeploymentPostprocessing = 0;
		};
/* End PBXResourcesBuildPhase section */

/* Begin PBXSourcesBuildPhase section */
		3452738623DEC5EF002F5CB1 /* Sources */ = {
			isa = PBXSourcesBuildPhase;
			buildActionMask = 2147483647;
			files = (
				3452739523DEC5EF002F5CB1 /* ViewController.m in Sources */,
				3452738F23DEC5EF002F5CB1 /* AppDelegate.m in Sources */,
				345273A023DEC5F2002F5CB1 /* main.m in Sources */,
				3452739223DEC5EF002F5CB1 /* SceneDelegate.m in Sources */,
			);
			runOnlyForDeploymentPostprocessing = 0;
		};
/* End PBXSourcesBuildPhase section */

/* Begin PBXVariantGroup section */
		3452739623DEC5EF002F5CB1 /* Main.storyboard */ = {
			isa = PBXVariantGroup;
			children = (
				3452739723DEC5EF002F5CB1 /* Base */,
			);
			name = Main.storyboard;
			sourceTree = "<group>";
		};
		3452739B23DEC5F2002F5CB1 /* LaunchScreen.storyboard */ = {
			isa = PBXVariantGroup;
			children = (
				3452739C23DEC5F2002F5CB1 /* Base */,
			);
			name = LaunchScreen.storyboard;
			sourceTree = "<group>";
		};
/* End PBXVariantGroup section */

/* Begin XCBuildConfiguration section */
		345273A123DEC5F2002F5CB1 /* Debug */ = {
			isa = XCBuildConfiguration;
			buildSettings = {
				ALWAYS_SEARCH_USER_PATHS = NO;
				CLANG_ANALYZER_NONNULL = YES;
				CLANG_ANALYZER_NUMBER_OBJECT_CONVERSION = YES_AGGRESSIVE;
				CLANG_CXX_LANGUAGE_STANDARD = "gnu++14";
				CLANG_CXX_LIBRARY = "libc++";
				CLANG_ENABLE_MODULES = YES;
				CLANG_ENABLE_OBJC_ARC = YES;
				CLANG_ENABLE_OBJC_WEAK = YES;
				CLANG_WARN_BLOCK_CAPTURE_AUTORELEASING = YES;
				CLANG_WARN_BOOL_CONVERSION = YES;
				CLANG_WARN_COMMA = YES;
				CLANG_WARN_CONSTANT_CONVERSION = YES;
				CLANG_WARN_DEPRECATED_OBJC_IMPLEMENTATIONS = YES;
				CLANG_WARN_DIRECT_OBJC_ISA_USAGE = YES_ERROR;
				CLANG_WARN_DOCUMENTATION_COMMENTS = YES;
				CLANG_WARN_EMPTY_BODY = YES;
				CLANG_WARN_ENUM_CONVERSION = YES;
				CLANG_WARN_INFINITE_RECURSION = YES;
				CLANG_WARN_INT_CONVERSION = YES;
				CLANG_WARN_NON_LITERAL_NULL_CONVERSION = YES;
				CLANG_WARN_OBJC_IMPLICIT_RETAIN_SELF = YES;
				CLANG_WARN_OBJC_LITERAL_CONVERSION = YES;
				CLANG_WARN_OBJC_ROOT_CLASS = YES_ERROR;
				CLANG_WARN_RANGE_LOOP_ANALYSIS = YES;
				CLANG_WARN_STRICT_PROTOTYPES = YES;
				CLANG_WARN_SUSPICIOUS_MOVE = YES;
				CLANG_WARN_UNGUARDED_AVAILABILITY = YES_AGGRESSIVE;
				CLANG_WARN_UNREACHABLE_CODE = YES;
				CLANG_WARN__DUPLICATE_METHOD_MATCH = YES;
				COPY_PHASE_STRIP = NO;
				DEBUG_INFORMATION_FORMAT = dwarf;
				ENABLE_STRICT_OBJC_MSGSEND = YES;
				ENABLE_TESTABILITY = YES;
				GCC_C_LANGUAGE_STANDARD = gnu11;
				GCC_DYNAMIC_NO_PIC = NO;
				GCC_NO_COMMON_BLOCKS = YES;
				GCC_OPTIMIZATION_LEVEL = 0;
				GCC_PREPROCESSOR_DEFINITIONS = (
					"DEBUG=1",
					"$(inherited)",
				);
				GCC_WARN_64_TO_32_BIT_CONVERSION = YES;
				GCC_WARN_ABOUT_RETURN_TYPE = YES_ERROR;
				GCC_WARN_UNDECLARED_SELECTOR = YES;
				GCC_WARN_UNINITIALIZED_AUTOS = YES_AGGRESSIVE;
				GCC_WARN_UNUSED_FUNCTION = YES;
				GCC_WARN_UNUSED_VARIABLE = YES;
				IPHONEOS_DEPLOYMENT_TARGET = 13.2;
				MTL_ENABLE_DEBUG_INFO = INCLUDE_SOURCE;
				MTL_FAST_MATH = YES;
				ONLY_ACTIVE_ARCH = YES;
				SDKROOT = iphoneos;
			};
			name = Debug;
		};
		345273A223DEC5F2002F5CB1 /* Release */ = {
			isa = XCBuildConfiguration;
			buildSettings = {
				ALWAYS_SEARCH_USER_PATHS = NO;
				CLANG_ANALYZER_NONNULL = YES;
				CLANG_ANALYZER_NUMBER_OBJECT_CONVERSION = YES_AGGRESSIVE;
				CLANG_CXX_LANGUAGE_STANDARD = "gnu++14";
				CLANG_CXX_LIBRARY = "libc++";
				CLANG_ENABLE_MODULES = YES;
				CLANG_ENABLE_OBJC_ARC = YES;
				CLANG_ENABLE_OBJC_WEAK = YES;
				CLANG_WARN_BLOCK_CAPTURE_AUTORELEASING = YES;
				CLANG_WARN_BOOL_CONVERSION = YES;
				CLANG_WARN_COMMA = YES;
				CLANG_WARN_CONSTANT_CONVERSION = YES;
				CLANG_WARN_DEPRECATED_OBJC_IMPLEMENTATIONS = YES;
				CLANG_WARN_DIRECT_OBJC_ISA_USAGE = YES_ERROR;
				CLANG_WARN_DOCUMENTATION_COMMENTS = YES;
				CLANG_WARN_EMPTY_BODY = YES;
				CLANG_WARN_ENUM_CONVERSION = YES;
				CLANG_WARN_INFINITE_RECURSION = YES;
				CLANG_WARN_INT_CONVERSION = YES;
				CLANG_WARN_NON_LITERAL_NULL_CONVERSION = YES;
				CLANG_WARN_OBJC_IMPLICIT_RETAIN_SELF = YES;
				CLANG_WARN_OBJC_LITERAL_CONVERSION = YES;
				CLANG_WARN_OBJC_ROOT_CLASS = YES_ERROR;
				CLANG_WARN_RANGE_LOOP_ANALYSIS = YES;
				CLANG_WARN_STRICT_PROTOTYPES = YES;
				CLANG_WARN_SUSPICIOUS_MOVE = YES;
				CLANG_WARN_UNGUARDED_AVAILABILITY = YES_AGGRESSIVE;
				CLANG_WARN_UNREACHABLE_CODE = YES;
				CLANG_WARN__DUPLICATE_METHOD_MATCH = YES;
				COPY_PHASE_STRIP = NO;
				DEBUG_INFORMATION_FORMAT = "dwarf-with-dsym";
				ENABLE_NS_ASSERTIONS = NO;
				ENABLE_STRICT_OBJC_MSGSEND = YES;
				GCC_C_LANGUAGE_STANDARD = gnu11;
				GCC_NO_COMMON_BLOCKS = YES;
				GCC_WARN_64_TO_32_BIT_CONVERSION = YES;
				GCC_WARN_ABOUT_RETURN_TYPE = YES_ERROR;
				GCC_WARN_UNDECLARED_SELECTOR = YES;
				GCC_WARN_UNINITIALIZED_AUTOS = YES_AGGRESSIVE;
				GCC_WARN_UNUSED_FUNCTION = YES;
				GCC_WARN_UNUSED_VARIABLE = YES;
				IPHONEOS_DEPLOYMENT_TARGET = 13.2;
				MTL_ENABLE_DEBUG_INFO = NO;
				MTL_FAST_MATH = YES;
				SDKROOT = iphoneos;
				VALIDATE_PRODUCT = YES;
			};
			name = Release;
		};
		345273A423DEC5F2002F5CB1 /* Debug */ = {
			isa = XCBuildConfiguration;
			buildSettings = {
				ASSETCATALOG_COMPILER_APPICON_NAME = AppIcon;
				CODE_SIGN_STYLE = Automatic;
				INFOPLIST_FILE = JFTTextDraw/Info.plist;
				LD_RUNPATH_SEARCH_PATHS = (
					"$(inherited)",
					"@executable_path/Frameworks",
				);
				PRODUCT_BUNDLE_IDENTIFIER = jft0m.JFTTextDraw;
				PRODUCT_NAME = "$(TARGET_NAME)";
				TARGETED_DEVICE_FAMILY = "1,2";
			};
			name = Debug;
		};
		345273A523DEC5F2002F5CB1 /* Release */ = {
			isa = XCBuildConfiguration;
			buildSettings = {
				ASSETCATALOG_COMPILER_APPICON_NAME = AppIcon;
				CODE_SIGN_STYLE = Automatic;
				INFOPLIST_FILE = JFTTextDraw/Info.plist;
				LD_RUNPATH_SEARCH_PATHS = (
					"$(inherited)",
					"@executable_path/Frameworks",
				);
				PRODUCT_BUNDLE_IDENTIFIER = jft0m.JFTTextDraw;
				PRODUCT_NAME = "$(TARGET_NAME)";
				TARGETED_DEVICE_FAMILY = "1,2";
			};
			name = Release;
		};
/* End XCBuildConfiguration section */

/* Begin XCConfigurationList section */
		3452738523DEC5EF002F5CB1 /* Build configuration list for PBXProject "JFTTextDraw" */ = {
			isa = XCConfigurationList;
			buildConfigurations = (
				345273A123DEC5F2002F5CB1 /* Debug */,
				345273A223DEC5F2002F5CB1 /* Release */,
			);
			defaultConfigurationIsVisible = 0;
			defaultConfigurationName = Release;
		};
		345273A323DEC5F2002F5CB1 /* Build configuration list for PBXNativeTarget "JFTTextDraw" */ = {
			isa = XCConfigurationList;
			buildConfigurations = (
				345273A423DEC5F2002F5CB1 /* Debug */,
				345273A523DEC5F2002F5CB1 /* Release */,
			);
			defaultConfigurationIsVisible = 0;
			defaultConfigurationName = Release;
		};
/* End XCConfigurationList section */
	};
	rootObject = 3452738223DEC5EF002F5CB1 /* Project object */;
}
